{
  "name": "@totalpave/cordova-plugin-date",
  "version": "2.0.1",
  "lockfileVersion": 2,
  "requires": true,
  "packages": {
    "": {
      "name": "@totalpave/cordova-plugin-date",
      "version": "2.0.1",
      "license": "Apache-2.0",
      "dependencies": {
        "elementtree": "^0.1.7",
        "install": "^0.13.0",
        "lodash": "4.17.21",
        "plist": "3.0.5",
        "q": "^1.5.1",
        "tostr": "^0.1.0",
        "xcode": "3.0.1"
      },
      "engines": {
        "cordovaDependencies": {
          "0.0.0": {
            "cordova-android": ">=8.0.0",
            "cordova-ios": ">=5.0.1"
          },
          "2.0.0": {
            "cordova-android": ">=8.0.0",
            "cordova-ios": ">=6.2.0"
          }
        }
      }
    },
    "node_modules/base64-js": {
      "version": "1.5.1",
      "resolved": "https://registry.totalpave.com:48731/base64-js/-/base64-js-1.5.1.tgz",
      "integrity": "sha512-AKpaYlHn8t4SVbOHCy+b5+KKgvR4vrsD8vbvrbiQJps7fKDTkjkDry6ji0rUJjC0kzbNePLwzxq8iypo41qeWA==",
      "funding": [
        {
          "type": "github",
          "url": "https://github.com/sponsors/feross"
        },
        {
          "type": "patreon",
          "url": "https://www.patreon.com/feross"
        },
        {
          "type": "consulting",
          "url": "https://feross.org/support"
        }
      ],
      "license": "MIT"
    },
    "node_modules/big-integer": {
      "version": "1.6.51",
      "resolved": "https://registry.totalpave.com:48731/big-integer/-/big-integer-1.6.51.tgz",
      "integrity": "sha512-GPEid2Y9QU1Exl1rpO9B2IPJGHPSupF5GnVIP0blYvNOMer2bTvSWs1jGOUg04hTmu67nmLsQ9TBo1puaotBHg==",
      "license": "Unlicense",
      "engines": {
        "node": ">=0.6"
      }
    },
    "node_modules/bplist-creator": {
      "version": "0.1.0",
      "resolved": "https://registry.totalpave.com:48731/bplist-creator/-/bplist-creator-0.1.0.tgz",
      "integrity": "sha512-sXaHZicyEEmY86WyueLTQesbeoH/mquvarJaQNbjuOQO+7gbFcDEWqKmcWA4cOTLzFlfgvkiVxolk1k5bBIpmg==",
      "license": "MIT",
      "dependencies": {
        "stream-buffers": "2.2.x"
      }
    },
    "node_modules/bplist-parser": {
      "version": "0.3.1",
      "resolved": "https://registry.totalpave.com:48731/bplist-parser/-/bplist-parser-0.3.1.tgz",
      "integrity": "sha512-PyJxiNtA5T2PlLIeBot4lbp7rj4OadzjnMZD/G5zuBNt8ei/yCU7+wW0h2bag9vr8c+/WuRWmSxbqAl9hL1rBA==",
      "license": "MIT",
      "dependencies": {
        "big-integer": "1.6.x"
      },
      "engines": {
        "node": ">= 5.10.0"
      }
    },
    "node_modules/elementtree": {
      "version": "0.1.7",
      "resolved": "https://registry.totalpave.com:48731/elementtree/-/elementtree-0.1.7.tgz",
      "integrity": "sha1-mskb5uUvtuYkTE5UpKw+2K6OKcA=",
      "license": "Apache-2.0",
      "dependencies": {
        "sax": "1.1.4"
      },
      "engines": {
        "node": ">= 0.4.0"
      }
    },
    "node_modules/install": {
      "version": "0.13.0",
      "resolved": "https://registry.totalpave.com:48731/install/-/install-0.13.0.tgz",
      "integrity": "sha512-zDml/jzr2PKU9I8J/xyZBQn8rPCAY//UOYNmR01XwNwyfhEWObo2SWfSl1+0tm1u6PhxLwDnfsT/6jB7OUxqFA==",
      "license": "MIT",
      "engines": {
        "node": ">= 0.10"
      }
    },
    "node_modules/lodash": {
      "version": "4.17.21",
      "resolved": "https://registry.totalpave.com:48731/lodash/-/lodash-4.17.21.tgz",
      "integrity": "sha512-v2kDEe57lecTulaDIuNTPy3Ry4gLGJ6Z1O3vE1krgXZNrsQ+LFTGHVxVjcXPs17LhbZVGedAJv8XZ1tvj5FvSg==",
      "license": "MIT"
    },
    "node_modules/plist": {
      "version": "3.0.5",
      "resolved": "https://registry.totalpave.com:48731/plist/-/plist-3.0.5.tgz",
      "integrity": "sha512-83vX4eYdQp3vP9SxuYgEM/G/pJQqLUz/V/xzPrzruLs7fz7jxGQ1msZ/mg1nwZxUSuOp4sb+/bEIbRrbzZRxDA==",
      "license": "MIT",
      "dependencies": {
        "base64-js": "^1.5.1",
        "xmlbuilder": "^9.0.7"
      },
      "engines": {
        "node": ">=6"
      }
    },
    "node_modules/q": {
      "version": "1.5.1",
      "resolved": "https://registry.totalpave.com:48731/q/-/q-1.5.1.tgz",
      "integrity": "sha1-fjL3W0E4EpHQRhHxvxQQmsAGUdc=",
      "license": "MIT",
      "engines": {
        "node": ">=0.6.0",
        "teleport": ">=0.2.0"
      }
    },
    "node_modules/sax": {
      "version": "1.1.4",
      "resolved": "https://registry.totalpave.com:48731/sax/-/sax-1.1.4.tgz",
      "integrity": "sha1-dLbTPJrh4AFRDxeakRaFiPGu2qk=",
      "license": "ISC"
    },
    "node_modules/simple-plist": {
      "version": "1.3.1",
      "resolved": "https://registry.totalpave.com:48731/simple-plist/-/simple-plist-1.3.1.tgz",
      "integrity": "sha512-iMSw5i0XseMnrhtIzRb7XpQEXepa9xhWxGUojHBL43SIpQuDQkh3Wpy67ZbDzZVr6EKxvwVChnVpdl8hEVLDiw==",
      "license": "MIT",
      "dependencies": {
        "bplist-creator": "0.1.0",
        "bplist-parser": "0.3.1",
        "plist": "^3.0.5"
      }
    },
    "node_modules/stream-buffers": {
      "version": "2.2.0",
      "resolved": "https://registry.totalpave.com:48731/stream-buffers/-/stream-buffers-2.2.0.tgz",
      "integrity": "sha1-kdX1Ew0c75bc+n9yaUUYh0HQnuQ=",
      "license": "Unlicense",
      "engines": {
        "node": ">= 0.10.0"
      }
    },
    "node_modules/tostr": {
      "version": "0.1.0",
      "resolved": "https://registry.totalpave.com:48731/tostr/-/tostr-0.1.0.tgz",
      "integrity": "sha1-cjm6H6gHyBAMlTLNIxvwQat3lik=",
      "license": "MIT"
    },
    "node_modules/uuid": {
      "version": "7.0.3",
      "resolved": "https://registry.totalpave.com:48731/uuid/-/uuid-7.0.3.tgz",
      "integrity": "sha512-DPSke0pXhTZgoF/d+WSt2QaKMCFSfx7QegxEWT+JOuHF5aWrKEn0G+ztjuJg/gG8/ItK+rbPCD/yNv8yyih6Cg==",
      "license": "MIT",
      "bin": {
        "uuid": "dist/bin/uuid"
      }
    },
    "node_modules/xcode": {
      "version": "3.0.1",
      "resolved": "https://registry.totalpave.com:48731/xcode/-/xcode-3.0.1.tgz",
      "integrity": "sha512-kCz5k7J7XbJtjABOvkc5lJmkiDh8VhjVCGNiqdKCscmVpdVUpEAyXv1xmCLkQJ5dsHqx3IPO4XW+NTDhU/fatA==",
      "license": "Apache-2.0",
      "dependencies": {
        "simple-plist": "^1.1.0",
        "uuid": "^7.0.3"
      },
      "engines": {
        "node": ">=10.0.0"
      }
    },
    "node_modules/xmlbuilder": {
      "version": "9.0.7",
      "resolved": "https://registry.totalpave.com:48731/xmlbuilder/-/xmlbuilder-9.0.7.tgz",
      "integrity": "sha1-Ey7mPS7FVlxVfiD0wi35rKaGsQ0=",
      "license": "MIT",
      "engines": {
        "node": ">=4.0"
      }
    }
  },
  "dependencies": {
    "base64-js": {
      "version": "1.5.1",
      "resolved": "https://registry.totalpave.com:48731/base64-js/-/base64-js-1.5.1.tgz",
      "integrity": "sha512-AKpaYlHn8t4SVbOHCy+b5+KKgvR4vrsD8vbvrbiQJps7fKDTkjkDry6ji0rUJjC0kzbNePLwzxq8iypo41qeWA=="
    },
    "big-integer": {
      "version": "1.6.51",
      "resolved": "https://registry.totalpave.com:48731/big-integer/-/big-integer-1.6.51.tgz",
      "integrity": "sha512-GPEid2Y9QU1Exl1rpO9B2IPJGHPSupF5GnVIP0blYvNOMer2bTvSWs1jGOUg04hTmu67nmLsQ9TBo1puaotBHg=="
    },
    "bplist-creator": {
      "version": "0.1.0",
      "resolved": "https://registry.totalpave.com:48731/bplist-creator/-/bplist-creator-0.1.0.tgz",
      "integrity": "sha512-sXaHZicyEEmY86WyueLTQesbeoH/mquvarJaQNbjuOQO+7gbFcDEWqKmcWA4cOTLzFlfgvkiVxolk1k5bBIpmg==",
      "requires": {
        "stream-buffers": "2.2.x"
      }
    },
    "bplist-parser": {
      "version": "0.3.1",
      "resolved": "https://registry.totalpave.com:48731/bplist-parser/-/bplist-parser-0.3.1.tgz",
      "integrity": "sha512-PyJxiNtA5T2PlLIeBot4lbp7rj4OadzjnMZD/G5zuBNt8ei/yCU7+wW0h2bag9vr8c+/WuRWmSxbqAl9hL1rBA==",
      "requires": {
        "big-integer": "1.6.x"
      }
    },
    "elementtree": {
      "version": "0.1.7",
      "resolved": "https://registry.totalpave.com:48731/elementtree/-/elementtree-0.1.7.tgz",
      "integrity": "sha1-mskb5uUvtuYkTE5UpKw+2K6OKcA=",
      "requires": {
        "sax": "1.1.4"
      }
    },
    "install": {
      "version": "0.13.0",
      "resolved": "https://registry.totalpave.com:48731/install/-/install-0.13.0.tgz",
      "integrity": "sha512-zDml/jzr2PKU9I8J/xyZBQn8rPCAY//UOYNmR01XwNwyfhEWObo2SWfSl1+0tm1u6PhxLwDnfsT/6jB7OUxqFA=="
    },
    "lodash": {
      "version": "4.17.21",
      "resolved": "https://registry.totalpave.com:48731/lodash/-/lodash-4.17.21.tgz",
      "integrity": "sha512-v2kDEe57lecTulaDIuNTPy3Ry4gLGJ6Z1O3vE1krgXZNrsQ+LFTGHVxVjcXPs17LhbZVGedAJv8XZ1tvj5FvSg=="
    },
    "plist": {
      "version": "3.0.5",
      "resolved": "https://registry.totalpave.com:48731/plist/-/plist-3.0.5.tgz",
      "integrity": "sha512-83vX4eYdQp3vP9SxuYgEM/G/pJQqLUz/V/xzPrzruLs7fz7jxGQ1msZ/mg1nwZxUSuOp4sb+/bEIbRrbzZRxDA==",
      "requires": {
        "base64-js": "^1.5.1",
        "xmlbuilder": "^9.0.7"
      }
    },
    "q": {
      "version": "1.5.1",
      "resolved": "https://registry.totalpave.com:48731/q/-/q-1.5.1.tgz",
      "integrity": "sha1-fjL3W0E4EpHQRhHxvxQQmsAGUdc="
    },
    "sax": {
      "version": "1.1.4",
      "resolved": "https://registry.totalpave.com:48731/sax/-/sax-1.1.4.tgz",
      "integrity": "sha1-dLbTPJrh4AFRDxeakRaFiPGu2qk="
    },
    "simple-plist": {
      "version": "1.3.1",
      "resolved": "https://registry.totalpave.com:48731/simple-plist/-/simple-plist-1.3.1.tgz",
      "integrity": "sha512-iMSw5i0XseMnrhtIzRb7XpQEXepa9xhWxGUojHBL43SIpQuDQkh3Wpy67ZbDzZVr6EKxvwVChnVpdl8hEVLDiw==",
      "requires": {
        "bplist-creator": "0.1.0",
        "bplist-parser": "0.3.1",
        "plist": "^3.0.5"
      }
    },
    "stream-buffers": {
      "version": "2.2.0",
      "resolved": "https://registry.totalpave.com:48731/stream-buffers/-/stream-buffers-2.2.0.tgz",
      "integrity": "sha1-kdX1Ew0c75bc+n9yaUUYh0HQnuQ="
    },
    "tostr": {
      "version": "0.1.0",
      "resolved": "https://registry.totalpave.com:48731/tostr/-/tostr-0.1.0.tgz",
      "integrity": "sha1-cjm6H6gHyBAMlTLNIxvwQat3lik="
    },
    "uuid": {
      "version": "7.0.3",
      "resolved": "https://registry.totalpave.com:48731/uuid/-/uuid-7.0.3.tgz",
      "integrity": "sha512-DPSke0pXhTZgoF/d+WSt2QaKMCFSfx7QegxEWT+JOuHF5aWrKEn0G+ztjuJg/gG8/ItK+rbPCD/yNv8yyih6Cg=="
    },
    "xcode": {
      "version": "3.0.1",
      "resolved": "https://registry.totalpave.com:48731/xcode/-/xcode-3.0.1.tgz",
      "integrity": "sha512-kCz5k7J7XbJtjABOvkc5lJmkiDh8VhjVCGNiqdKCscmVpdVUpEAyXv1xmCLkQJ5dsHqx3IPO4XW+NTDhU/fatA==",
      "requires": {
        "simple-plist": "^1.1.0",
        "uuid": "^7.0.3"
      }
    },
    "xmlbuilder": {
      "version": "9.0.7",
      "resolved": "https://registry.totalpave.com:48731/xmlbuilder/-/xmlbuilder-9.0.7.tgz",
      "integrity": "sha1-Ey7mPS7FVlxVfiD0wi35rKaGsQ0="
    }
  }
}
